// !$*UTF8*$!
{
	archiveVersion = 1;
	classes = {
	};
	objectVersion = 45;
	objects = {

/* Begin PBXAggregateTarget section */
		2CC997AE1096FB470008F21D /* All */ = {
			isa = PBXAggregateTarget;
			buildConfigurationList = 2CC997C21096FB660008F21D /* Build configuration list for PBXAggregateTarget "All" */;
			buildPhases = (
			);
			dependencies = (
				2CC997BC1096FB520008F21D /* PBXTargetDependency */,
				2CC997BA1096FB520008F21D /* PBXTargetDependency */,
				2CC997B81096FB520008F21D /* PBXTargetDependency */,
				2CC997B61096FB520008F21D /* PBXTargetDependency */,
				2CC997B41096FB520008F21D /* PBXTargetDependency */,
				2CC997B21096FB520008F21D /* PBXTargetDependency */,
			);
			name = All;
			productName = All;
		};
/* End PBXAggregateTarget section */

/* Begin PBXBuildFile section */
		2C1007770E23933600A7472A /* VisionJNI.cpp in Sources */ = {isa = PBXBuildFile; fileRef = 2C1007750E23933600A7472A /* VisionJNI.cpp */; };
		2C1007B00E23951200A7472A /* JavaVM.framework in Frameworks */ = {isa = PBXBuildFile; fileRef = 2C1007AF0E23951200A7472A /* JavaVM.framework */; };
		2C1007B20E23952700A7472A /* Carbon.framework in Frameworks */ = {isa = PBXBuildFile; fileRef = 2C1007B10E23952700A7472A /* Carbon.framework */; };
		2C1007B80E23953500A7472A /* OpenCV.framework in Frameworks */ = {isa = PBXBuildFile; fileRef = 2C7058340E0964C2009094FB /* OpenCV.framework */; };
		2C1007B90E23953500A7472A /* dc1394.framework in Frameworks */ = {isa = PBXBuildFile; fileRef = 2C7058350E0964C2009094FB /* dc1394.framework */; };
		2C1007CE0E23999300A7472A /* FieldVision.cpp in Sources */ = {isa = PBXBuildFile; fileRef = 2C39D01E0E0A663A00867C99 /* FieldVision.cpp */; };
		2C1007CF0E23999300A7472A /* Camera.cpp in Sources */ = {isa = PBXBuildFile; fileRef = 2C39D0240E0A67CB00867C99 /* Camera.cpp */; };
		2C1007D00E23999300A7472A /* PTGreyBumblebee2.cpp in Sources */ = {isa = PBXBuildFile; fileRef = 2C39D0570E0A724F00867C99 /* PTGreyBumblebee2.cpp */; };
		2C1007D10E23999300A7472A /* CVStereoBlobDetector.cpp in Sources */ = {isa = PBXBuildFile; fileRef = 2C39D3600E0A925C00867C99 /* CVStereoBlobDetector.cpp */; };
		2C1007D20E23999300A7472A /* CVBlobDetector.cpp in Sources */ = {isa = PBXBuildFile; fileRef = 2C52857B0E0C25B500F68F4F /* CVBlobDetector.cpp */; };
		2C1007D30E23999300A7472A /* CVFrameProcessor.cpp in Sources */ = {isa = PBXBuildFile; fileRef = 2C5285840E0D03F300F68F4F /* CVFrameProcessor.cpp */; };
		2C1007D40E23999300A7472A /* Blob.cpp in Sources */ = {isa = PBXBuildFile; fileRef = 2CFE58E90E2220FD00DBD37B /* Blob.cpp */; };
		2C39D1990E0A75D400867C99 /* OpenCV.framework in Frameworks */ = {isa = PBXBuildFile; fileRef = 2C7058340E0964C2009094FB /* OpenCV.framework */; };
		2C39D19A0E0A75D400867C99 /* dc1394.framework in Frameworks */ = {isa = PBXBuildFile; fileRef = 2C7058350E0964C2009094FB /* dc1394.framework */; };
		2C39D19C0E0A75DA00867C99 /* TestVisionStereo.cpp in Sources */ = {isa = PBXBuildFile; fileRef = 2C39D0700E0A759C00867C99 /* TestVisionStereo.cpp */; };
		2C39D20E0E0A78F800867C99 /* FieldVision.cpp in Sources */ = {isa = PBXBuildFile; fileRef = 2C39D01E0E0A663A00867C99 /* FieldVision.cpp */; };
		2C39D20F0E0A78FD00867C99 /* PTGreyBumblebee2.cpp in Sources */ = {isa = PBXBuildFile; fileRef = 2C39D0570E0A724F00867C99 /* PTGreyBumblebee2.cpp */; };
		2C39D2100E0A78FD00867C99 /* Camera.cpp in Sources */ = {isa = PBXBuildFile; fileRef = 2C39D0240E0A67CB00867C99 /* Camera.cpp */; };
		2C39D3610E0A925C00867C99 /* CVStereoBlobDetector.cpp in Sources */ = {isa = PBXBuildFile; fileRef = 2C39D3600E0A925C00867C99 /* CVStereoBlobDetector.cpp */; };
		2C52856C0E0C162500F68F4F /* OpenCV.framework in Copy Frameworks */ = {isa = PBXBuildFile; fileRef = 2C7058340E0964C2009094FB /* OpenCV.framework */; };
		2C52856D0E0C162500F68F4F /* dc1394.framework in Copy Frameworks */ = {isa = PBXBuildFile; fileRef = 2C7058350E0964C2009094FB /* dc1394.framework */; };
		2C52857C0E0C25B500F68F4F /* CVBlobDetector.cpp in Sources */ = {isa = PBXBuildFile; fileRef = 2C52857B0E0C25B500F68F4F /* CVBlobDetector.cpp */; };
		2C5285850E0D03F300F68F4F /* CVFrameProcessor.cpp in Sources */ = {isa = PBXBuildFile; fileRef = 2C5285840E0D03F300F68F4F /* CVFrameProcessor.cpp */; };
		2C5286D70E0D120E00F68F4F /* TestVisionMono.cpp in Sources */ = {isa = PBXBuildFile; fileRef = 2C5286CA0E0D11F000F68F4F /* TestVisionMono.cpp */; };
		2C5287970E0D122B00F68F4F /* OpenCV.framework in Frameworks */ = {isa = PBXBuildFile; fileRef = 2C7058340E0964C2009094FB /* OpenCV.framework */; };
		2C5287980E0D122B00F68F4F /* dc1394.framework in Frameworks */ = {isa = PBXBuildFile; fileRef = 2C7058350E0964C2009094FB /* dc1394.framework */; };
		2C52879A0E0D123100F68F4F /* OpenCV.framework in Copy Frameworks */ = {isa = PBXBuildFile; fileRef = 2C7058340E0964C2009094FB /* OpenCV.framework */; };
		2C52879B0E0D123100F68F4F /* dc1394.framework in Copy Frameworks */ = {isa = PBXBuildFile; fileRef = 2C7058350E0964C2009094FB /* dc1394.framework */; };
		2C52879D0E0D124500F68F4F /* FieldVision.cpp in Sources */ = {isa = PBXBuildFile; fileRef = 2C39D01E0E0A663A00867C99 /* FieldVision.cpp */; };
		2C52879E0E0D124500F68F4F /* Camera.cpp in Sources */ = {isa = PBXBuildFile; fileRef = 2C39D0240E0A67CB00867C99 /* Camera.cpp */; };
		2C52879F0E0D124500F68F4F /* PTGreyBumblebee2.cpp in Sources */ = {isa = PBXBuildFile; fileRef = 2C39D0570E0A724F00867C99 /* PTGreyBumblebee2.cpp */; };
		2C5287A00E0D124500F68F4F /* CVStereoBlobDetector.cpp in Sources */ = {isa = PBXBuildFile; fileRef = 2C39D3600E0A925C00867C99 /* CVStereoBlobDetector.cpp */; };
		2C5287A20E0D124500F68F4F /* CVBlobDetector.cpp in Sources */ = {isa = PBXBuildFile; fileRef = 2C52857B0E0C25B500F68F4F /* CVBlobDetector.cpp */; };
		2C5287A30E0D124500F68F4F /* CVFrameProcessor.cpp in Sources */ = {isa = PBXBuildFile; fileRef = 2C5285840E0D03F300F68F4F /* CVFrameProcessor.cpp */; };
		2C528C550E0DAC5700F68F4F /* OpenCV.framework in Frameworks */ = {isa = PBXBuildFile; fileRef = 2C7058340E0964C2009094FB /* OpenCV.framework */; };
		2C528C560E0DAC5700F68F4F /* dc1394.framework in Frameworks */ = {isa = PBXBuildFile; fileRef = 2C7058350E0964C2009094FB /* dc1394.framework */; };
		2C528C580E0DAC5F00F68F4F /* OpenCV.framework in Copy Frameworks */ = {isa = PBXBuildFile; fileRef = 2C7058340E0964C2009094FB /* OpenCV.framework */; };
		2C528C590E0DAC5F00F68F4F /* dc1394.framework in Copy Frameworks */ = {isa = PBXBuildFile; fileRef = 2C7058350E0964C2009094FB /* dc1394.framework */; };
		2C528C5C0E0DAC7C00F68F4F /* TestGaussStatBgModel.cpp in Sources */ = {isa = PBXBuildFile; fileRef = 2C528C5B0E0DAC7C00F68F4F /* TestGaussStatBgModel.cpp */; };
		2C82E00C0E23F591002B2C24 /* CVImageCache.h in Headers */ = {isa = PBXBuildFile; fileRef = 2C82E00A0E23F591002B2C24 /* CVImageCache.h */; };
		2C82E00D0E23F591002B2C24 /* CVImageCache.cpp in Sources */ = {isa = PBXBuildFile; fileRef = 2C82E00B0E23F591002B2C24 /* CVImageCache.cpp */; };
		2C82E00E0E23F591002B2C24 /* CVImageCache.cpp in Sources */ = {isa = PBXBuildFile; fileRef = 2C82E00B0E23F591002B2C24 /* CVImageCache.cpp */; };
		2C82E00F0E23F591002B2C24 /* CVImageCache.cpp in Sources */ = {isa = PBXBuildFile; fileRef = 2C82E00B0E23F591002B2C24 /* CVImageCache.cpp */; };
		2C82E0100E23F591002B2C24 /* CVImageCache.cpp in Sources */ = {isa = PBXBuildFile; fileRef = 2C82E00B0E23F591002B2C24 /* CVImageCache.cpp */; };
		2C82E5810E250555002B2C24 /* Carbon.framework in Frameworks */ = {isa = PBXBuildFile; fileRef = 2C1007B10E23952700A7472A /* Carbon.framework */; };
		2C82E5820E250555002B2C24 /* Carbon.framework in Frameworks */ = {isa = PBXBuildFile; fileRef = 2C1007B10E23952700A7472A /* Carbon.framework */; };
		2C82E5830E250556002B2C24 /* Carbon.framework in Frameworks */ = {isa = PBXBuildFile; fileRef = 2C1007B10E23952700A7472A /* Carbon.framework */; };
		2CA9DA0A1095F82A00F64E39 /* OpenCVCamera.cpp in Sources */ = {isa = PBXBuildFile; fileRef = 2CD960921095BD5E00D42F64 /* OpenCVCamera.cpp */; };
		2CA9DA0C1095F82A00F64E39 /* FieldVision.cpp in Sources */ = {isa = PBXBuildFile; fileRef = 2C39D01E0E0A663A00867C99 /* FieldVision.cpp */; };
		2CA9DA0D1095F82A00F64E39 /* Camera.cpp in Sources */ = {isa = PBXBuildFile; fileRef = 2C39D0240E0A67CB00867C99 /* Camera.cpp */; };
		2CA9DA0E1095F82A00F64E39 /* CVStereoBlobDetector.cpp in Sources */ = {isa = PBXBuildFile; fileRef = 2C39D3600E0A925C00867C99 /* CVStereoBlobDetector.cpp */; };
		2CA9DA0F1095F82A00F64E39 /* CVBlobDetector.cpp in Sources */ = {isa = PBXBuildFile; fileRef = 2C52857B0E0C25B500F68F4F /* CVBlobDetector.cpp */; };
		2CA9DA101095F82A00F64E39 /* CVFrameProcessor.cpp in Sources */ = {isa = PBXBuildFile; fileRef = 2C5285840E0D03F300F68F4F /* CVFrameProcessor.cpp */; };
		2CA9DA111095F82A00F64E39 /* Blob.cpp in Sources */ = {isa = PBXBuildFile; fileRef = 2CFE58E90E2220FD00DBD37B /* Blob.cpp */; };
		2CA9DA121095F82A00F64E39 /* CVImageCache.cpp in Sources */ = {isa = PBXBuildFile; fileRef = 2C82E00B0E23F591002B2C24 /* CVImageCache.cpp */; };
		2CA9DA141095F82A00F64E39 /* OpenCV.framework in Frameworks */ = {isa = PBXBuildFile; fileRef = 2C7058340E0964C2009094FB /* OpenCV.framework */; };
		2CA9DA161095F82A00F64E39 /* Carbon.framework in Frameworks */ = {isa = PBXBuildFile; fileRef = 2C1007B10E23952700A7472A /* Carbon.framework */; };
		2CA9DA181095F82A00F64E39 /* OpenCV.framework in Copy Frameworks */ = {isa = PBXBuildFile; fileRef = 2C7058340E0964C2009094FB /* OpenCV.framework */; };
		2CA9DA251095F84200F64E39 /* TestOpenCVCamera.cpp in Sources */ = {isa = PBXBuildFile; fileRef = 2CA9DA241095F84200F64E39 /* TestOpenCVCamera.cpp */; };
		2CD960971095BD6C00D42F64 /* FieldVision.cpp in Sources */ = {isa = PBXBuildFile; fileRef = 2C39D01E0E0A663A00867C99 /* FieldVision.cpp */; };
		2CD960981095BD6C00D42F64 /* Camera.cpp in Sources */ = {isa = PBXBuildFile; fileRef = 2C39D0240E0A67CB00867C99 /* Camera.cpp */; };
		2CD9609A1095BD6C00D42F64 /* CVStereoBlobDetector.cpp in Sources */ = {isa = PBXBuildFile; fileRef = 2C39D3600E0A925C00867C99 /* CVStereoBlobDetector.cpp */; };
		2CD9609B1095BD6C00D42F64 /* CVBlobDetector.cpp in Sources */ = {isa = PBXBuildFile; fileRef = 2C52857B0E0C25B500F68F4F /* CVBlobDetector.cpp */; };
		2CD9609C1095BD6C00D42F64 /* CVFrameProcessor.cpp in Sources */ = {isa = PBXBuildFile; fileRef = 2C5285840E0D03F300F68F4F /* CVFrameProcessor.cpp */; };
		2CD9609D1095BD6C00D42F64 /* Blob.cpp in Sources */ = {isa = PBXBuildFile; fileRef = 2CFE58E90E2220FD00DBD37B /* Blob.cpp */; };
		2CD9609E1095BD6C00D42F64 /* CVImageCache.cpp in Sources */ = {isa = PBXBuildFile; fileRef = 2C82E00B0E23F591002B2C24 /* CVImageCache.cpp */; };
		2CD960A01095BD6C00D42F64 /* OpenCV.framework in Frameworks */ = {isa = PBXBuildFile; fileRef = 2C7058340E0964C2009094FB /* OpenCV.framework */; };
		2CD960A21095BD6C00D42F64 /* Carbon.framework in Frameworks */ = {isa = PBXBuildFile; fileRef = 2C1007B10E23952700A7472A /* Carbon.framework */; };
		2CD960A41095BD6C00D42F64 /* OpenCV.framework in Copy Frameworks */ = {isa = PBXBuildFile; fileRef = 2C7058340E0964C2009094FB /* OpenCV.framework */; };
		2CD960AC1095BD8000D42F64 /* TestOpenCVCapture.cpp in Sources */ = {isa = PBXBuildFile; fileRef = 2CD960901095BD3400D42F64 /* TestOpenCVCapture.cpp */; };
		2CD960AD1095BD8900D42F64 /* OpenCVCamera.cpp in Sources */ = {isa = PBXBuildFile; fileRef = 2CD960921095BD5E00D42F64 /* OpenCVCamera.cpp */; };
		2CFE58EB0E2220FD00DBD37B /* Blob.cpp in Sources */ = {isa = PBXBuildFile; fileRef = 2CFE58E90E2220FD00DBD37B /* Blob.cpp */; };
		2CFE58EC0E2220FD00DBD37B /* Blob.cpp in Sources */ = {isa = PBXBuildFile; fileRef = 2CFE58E90E2220FD00DBD37B /* Blob.cpp */; };
		2CFE58EE0E2220FD00DBD37B /* Blob.cpp in Sources */ = {isa = PBXBuildFile; fileRef = 2CFE58E90E2220FD00DBD37B /* Blob.cpp */; };
/* End PBXBuildFile section */

/* Begin PBXContainerItemProxy section */
		2CC997B11096FB520008F21D /* PBXContainerItemProxy */ = {
			isa = PBXContainerItemProxy;
			containerPortal = 20286C28FDCF999611CA2CEA /* Project object */;
			proxyType = 1;
			remoteGlobalIDString = 2CA9DA071095F82A00F64E39;
			remoteInfo = TestOpenCVCamera;
		};
		2CC997B31096FB520008F21D /* PBXContainerItemProxy */ = {
			isa = PBXContainerItemProxy;
			containerPortal = 20286C28FDCF999611CA2CEA /* Project object */;
			proxyType = 1;
			remoteGlobalIDString = 2CD960931095BD6C00D42F64;
			remoteInfo = TestOpenCVCapture;
		};
		2CC997B51096FB520008F21D /* PBXContainerItemProxy */ = {
			isa = PBXContainerItemProxy;
			containerPortal = 20286C28FDCF999611CA2CEA /* Project object */;
			proxyType = 1;
			remoteGlobalIDString = 2C528C4D0E0DAC3C00F68F4F;
			remoteInfo = TestGaussStatBgModel;
		};
		2CC997B71096FB520008F21D /* PBXContainerItemProxy */ = {
			isa = PBXContainerItemProxy;
			containerPortal = 20286C28FDCF999611CA2CEA /* Project object */;
			proxyType = 1;
			remoteGlobalIDString = 2C5286D00E0D120600F68F4F;
			remoteInfo = TestVisionMono;
		};
		2CC997B91096FB520008F21D /* PBXContainerItemProxy */ = {
			isa = PBXContainerItemProxy;
			containerPortal = 20286C28FDCF999611CA2CEA /* Project object */;
			proxyType = 1;
			remoteGlobalIDString = 2C39D0740E0A75B400867C99;
			remoteInfo = TestVisionStereo;
		};
		2CC997BB1096FB520008F21D /* PBXContainerItemProxy */ = {
			isa = PBXContainerItemProxy;
			containerPortal = 20286C28FDCF999611CA2CEA /* Project object */;
			proxyType = 1;
			remoteGlobalIDString = 2C1007600E2392CB00A7472A;
			remoteInfo = FieldVision;
		};
/* End PBXContainerItemProxy section */

/* Begin PBXCopyFilesBuildPhase section */
		2C5285760E0C164900F68F4F /* Copy Frameworks */ = {
			isa = PBXCopyFilesBuildPhase;
			buildActionMask = 2147483647;
			dstPath = "";
			dstSubfolderSpec = 10;
			files = (
				2C52856C0E0C162500F68F4F /* OpenCV.framework in Copy Frameworks */,
				2C52856D0E0C162500F68F4F /* dc1394.framework in Copy Frameworks */,
			);
			name = "Copy Frameworks";
			runOnlyForDeploymentPostprocessing = 0;
		};
		2C5287AA0E0D12A800F68F4F /* Copy Frameworks */ = {
			isa = PBXCopyFilesBuildPhase;
			buildActionMask = 2147483647;
			dstPath = "";
			dstSubfolderSpec = 10;
			files = (
				2C52879A0E0D123100F68F4F /* OpenCV.framework in Copy Frameworks */,
				2C52879B0E0D123100F68F4F /* dc1394.framework in Copy Frameworks */,
			);
			name = "Copy Frameworks";
			runOnlyForDeploymentPostprocessing = 0;
		};
		2C528C5D0E0DAC7C00F68F4F /* Copy Frameworks */ = {
			isa = PBXCopyFilesBuildPhase;
			buildActionMask = 2147483647;
			dstPath = "";
			dstSubfolderSpec = 10;
			files = (
				2C528C580E0DAC5F00F68F4F /* OpenCV.framework in Copy Frameworks */,
				2C528C590E0DAC5F00F68F4F /* dc1394.framework in Copy Frameworks */,
			);
			name = "Copy Frameworks";
			runOnlyForDeploymentPostprocessing = 0;
		};
		2CA9DA171095F82A00F64E39 /* Copy Frameworks */ = {
			isa = PBXCopyFilesBuildPhase;
			buildActionMask = 2147483647;
			dstPath = "";
			dstSubfolderSpec = 10;
			files = (
				2CA9DA181095F82A00F64E39 /* OpenCV.framework in Copy Frameworks */,
			);
			name = "Copy Frameworks";
			runOnlyForDeploymentPostprocessing = 0;
		};
		2CD960A31095BD6C00D42F64 /* Copy Frameworks */ = {
			isa = PBXCopyFilesBuildPhase;
			buildActionMask = 2147483647;
			dstPath = "";
			dstSubfolderSpec = 10;
			files = (
				2CD960A41095BD6C00D42F64 /* OpenCV.framework in Copy Frameworks */,
			);
			name = "Copy Frameworks";
			runOnlyForDeploymentPostprocessing = 0;
		};
/* End PBXCopyFilesBuildPhase section */

/* Begin PBXFileReference section */
		0867D6ABFE840B52C02AAC07 /* English */ = {isa = PBXFileReference; fileEncoding = 10; lastKnownFileType = text.plist.strings; name = English; path = English.lproj/InfoPlist.strings; sourceTree = "<group>"; };
		2C10075C0E2392B800A7472A /* mw_lib_vision_Vision.h */ = {isa = PBXFileReference; fileEncoding = 4; lastKnownFileType = sourcecode.c.h; name = mw_lib_vision_Vision.h; path = jni/mw_lib_vision_Vision.h; sourceTree = "<group>"; };
		2C1007610E2392CB00A7472A /* libFieldVision.dylib */ = {isa = PBXFileReference; explicitFileType = "compiled.mach-o.dylib"; includeInIndex = 0; path = libFieldVision.dylib; sourceTree = BUILT_PRODUCTS_DIR; };
		2C1007740E23933600A7472A /* VisionJNI.h */ = {isa = PBXFileReference; fileEncoding = 4; lastKnownFileType = sourcecode.c.h; name = VisionJNI.h; path = jni/VisionJNI.h; sourceTree = "<group>"; };
		2C1007750E23933600A7472A /* VisionJNI.cpp */ = {isa = PBXFileReference; fileEncoding = 4; lastKnownFileType = sourcecode.cpp.cpp; name = VisionJNI.cpp; path = jni/VisionJNI.cpp; sourceTree = "<group>"; };
		2C1007AF0E23951200A7472A /* JavaVM.framework */ = {isa = PBXFileReference; lastKnownFileType = wrapper.framework; name = JavaVM.framework; path = System/Library/Frameworks/JavaVM.framework; sourceTree = SDKROOT; };
		2C1007B10E23952700A7472A /* Carbon.framework */ = {isa = PBXFileReference; lastKnownFileType = wrapper.framework; name = Carbon.framework; path = System/Library/Frameworks/Carbon.framework; sourceTree = SDKROOT; };
		2C39D01D0E0A663A00867C99 /* FieldVision.h */ = {isa = PBXFileReference; fileEncoding = 4; lastKnownFileType = sourcecode.c.h; path = FieldVision.h; sourceTree = "<group>"; };
		2C39D01E0E0A663A00867C99 /* FieldVision.cpp */ = {isa = PBXFileReference; fileEncoding = 4; lastKnownFileType = sourcecode.cpp.cpp; path = FieldVision.cpp; sourceTree = "<group>"; };
		2C39D0230E0A67CB00867C99 /* Camera.h */ = {isa = PBXFileReference; fileEncoding = 4; lastKnownFileType = sourcecode.c.h; path = Camera.h; sourceTree = "<group>"; };
		2C39D0240E0A67CB00867C99 /* Camera.cpp */ = {isa = PBXFileReference; fileEncoding = 4; lastKnownFileType = sourcecode.cpp.cpp; path = Camera.cpp; sourceTree = "<group>"; };
		2C39D0560E0A724F00867C99 /* PTGreyBumblebee2.h */ = {isa = PBXFileReference; fileEncoding = 4; lastKnownFileType = sourcecode.c.h; path = PTGreyBumblebee2.h; sourceTree = "<group>"; };
		2C39D0570E0A724F00867C99 /* PTGreyBumblebee2.cpp */ = {isa = PBXFileReference; fileEncoding = 4; lastKnownFileType = sourcecode.cpp.cpp; path = PTGreyBumblebee2.cpp; sourceTree = "<group>"; };
		2C39D0700E0A759C00867C99 /* TestVisionStereo.cpp */ = {isa = PBXFileReference; fileEncoding = 4; lastKnownFileType = sourcecode.cpp.cpp; path = TestVisionStereo.cpp; sourceTree = "<group>"; };
		2C39D0750E0A75B400867C99 /* TestVisionStereo.app */ = {isa = PBXFileReference; explicitFileType = wrapper.application; includeInIndex = 0; path = TestVisionStereo.app; sourceTree = BUILT_PRODUCTS_DIR; };
		2C39D1C10E0A774700867C99 /* constants.h */ = {isa = PBXFileReference; fileEncoding = 4; lastKnownFileType = sourcecode.c.h; path = constants.h; sourceTree = "<group>"; };
		2C39D35F0E0A925C00867C99 /* CVStereoBlobDetector.h */ = {isa = PBXFileReference; fileEncoding = 4; lastKnownFileType = sourcecode.c.h; path = CVStereoBlobDetector.h; sourceTree = "<group>"; };
		2C39D3600E0A925C00867C99 /* CVStereoBlobDetector.cpp */ = {isa = PBXFileReference; fileEncoding = 4; lastKnownFileType = sourcecode.cpp.cpp; path = CVStereoBlobDetector.cpp; sourceTree = "<group>"; };
		2C5285780E0C258A00F68F4F /* CVFrameProcessor.h */ = {isa = PBXFileReference; fileEncoding = 4; lastKnownFileType = sourcecode.c.h; path = CVFrameProcessor.h; sourceTree = "<group>"; };
		2C52857A0E0C25B500F68F4F /* CVBlobDetector.h */ = {isa = PBXFileReference; fileEncoding = 4; lastKnownFileType = sourcecode.c.h; path = CVBlobDetector.h; sourceTree = "<group>"; };
		2C52857B0E0C25B500F68F4F /* CVBlobDetector.cpp */ = {isa = PBXFileReference; fileEncoding = 4; lastKnownFileType = sourcecode.cpp.cpp; path = CVBlobDetector.cpp; sourceTree = "<group>"; };
		2C5285840E0D03F300F68F4F /* CVFrameProcessor.cpp */ = {isa = PBXFileReference; fileEncoding = 4; lastKnownFileType = sourcecode.cpp.cpp; path = CVFrameProcessor.cpp; sourceTree = "<group>"; };
		2C5286CA0E0D11F000F68F4F /* TestVisionMono.cpp */ = {isa = PBXFileReference; fileEncoding = 4; lastKnownFileType = sourcecode.cpp.cpp; path = TestVisionMono.cpp; sourceTree = "<group>"; };
		2C5286D10E0D120600F68F4F /* TestVisionMono.app */ = {isa = PBXFileReference; explicitFileType = wrapper.application; includeInIndex = 0; path = TestVisionMono.app; sourceTree = BUILT_PRODUCTS_DIR; };
		2C5287D80E0D372400F68F4F /* Slider.h */ = {isa = PBXFileReference; fileEncoding = 4; lastKnownFileType = sourcecode.c.h; path = Slider.h; sourceTree = "<group>"; };
		2C528C4E0E0DAC3C00F68F4F /* TestGaussStatBgModel.app */ = {isa = PBXFileReference; explicitFileType = wrapper.application; includeInIndex = 0; path = TestGaussStatBgModel.app; sourceTree = BUILT_PRODUCTS_DIR; };
		2C528C5B0E0DAC7C00F68F4F /* TestGaussStatBgModel.cpp */ = {isa = PBXFileReference; fileEncoding = 4; lastKnownFileType = sourcecode.cpp.cpp; path = TestGaussStatBgModel.cpp; sourceTree = "<group>"; };
		2C7058340E0964C2009094FB /* OpenCV.framework */ = {isa = PBXFileReference; lastKnownFileType = wrapper.framework; name = OpenCV.framework; path = ../../../../../../Library/Frameworks/OpenCV.framework; sourceTree = SOURCE_ROOT; };
		2C7058350E0964C2009094FB /* dc1394.framework */ = {isa = PBXFileReference; lastKnownFileType = wrapper.framework; name = dc1394.framework; path = ../../../../../../Library/Frameworks/dc1394.framework; sourceTree = SOURCE_ROOT; };
		2C82E00A0E23F591002B2C24 /* CVImageCache.h */ = {isa = PBXFileReference; fileEncoding = 4; lastKnownFileType = sourcecode.c.h; path = CVImageCache.h; sourceTree = "<group>"; };
		2C82E00B0E23F591002B2C24 /* CVImageCache.cpp */ = {isa = PBXFileReference; fileEncoding = 4; lastKnownFileType = sourcecode.cpp.cpp; path = CVImageCache.cpp; sourceTree = "<group>"; };
		2CA9DA1D1095F82A00F64E39 /* TestOpenCVCaptureBasic.app */ = {isa = PBXFileReference; explicitFileType = wrapper.application; includeInIndex = 0; path = TestOpenCVCaptureBasic.app; sourceTree = BUILT_PRODUCTS_DIR; };
		2CA9DA241095F84200F64E39 /* TestOpenCVCamera.cpp */ = {isa = PBXFileReference; fileEncoding = 4; lastKnownFileType = sourcecode.cpp.cpp; path = TestOpenCVCamera.cpp; sourceTree = "<group>"; };
		2CD960901095BD3400D42F64 /* TestOpenCVCapture.cpp */ = {isa = PBXFileReference; fileEncoding = 4; lastKnownFileType = sourcecode.cpp.cpp; path = TestOpenCVCapture.cpp; sourceTree = "<group>"; };
		2CD960911095BD5E00D42F64 /* OpenCVCamera.h */ = {isa = PBXFileReference; fileEncoding = 4; lastKnownFileType = sourcecode.c.h; path = OpenCVCamera.h; sourceTree = "<group>"; };
		2CD960921095BD5E00D42F64 /* OpenCVCamera.cpp */ = {isa = PBXFileReference; fileEncoding = 4; lastKnownFileType = sourcecode.cpp.cpp; path = OpenCVCamera.cpp; sourceTree = "<group>"; };
		2CD960A91095BD6C00D42F64 /* TestOpenCVCapture.app */ = {isa = PBXFileReference; explicitFileType = wrapper.application; includeInIndex = 0; path = TestOpenCVCapture.app; sourceTree = BUILT_PRODUCTS_DIR; };
		2CFE58E90E2220FD00DBD37B /* Blob.cpp */ = {isa = PBXFileReference; fileEncoding = 4; lastKnownFileType = sourcecode.cpp.cpp; path = Blob.cpp; sourceTree = "<group>"; };
		2CFE58EA0E2220FD00DBD37B /* Blob.h */ = {isa = PBXFileReference; fileEncoding = 4; lastKnownFileType = sourcecode.c.h; path = Blob.h; sourceTree = "<group>"; };
		32DBCF6D0370B57F00C91783 /* header.pch */ = {isa = PBXFileReference; fileEncoding = 4; lastKnownFileType = sourcecode.c.h; path = header.pch; sourceTree = "<group>"; };
		8D0C4E960486CD37000505A6 /* Info.plist */ = {isa = PBXFileReference; fileEncoding = 4; lastKnownFileType = text.plist.xml; path = Info.plist; sourceTree = "<group>"; };
/* End PBXFileReference section */

/* Begin PBXFrameworksBuildPhase section */
		2C10075F0E2392CB00A7472A /* Frameworks */ = {
			isa = PBXFrameworksBuildPhase;
			buildActionMask = 2147483647;
			files = (
				2C1007B80E23953500A7472A /* OpenCV.framework in Frameworks */,
				2C1007B90E23953500A7472A /* dc1394.framework in Frameworks */,
				2C1007B00E23951200A7472A /* JavaVM.framework in Frameworks */,
				2C1007B20E23952700A7472A /* Carbon.framework in Frameworks */,
			);
			runOnlyForDeploymentPostprocessing = 0;
		};
		2C39D0730E0A75B400867C99 /* Frameworks */ = {
			isa = PBXFrameworksBuildPhase;
			buildActionMask = 2147483647;
			files = (
				2C39D1990E0A75D400867C99 /* OpenCV.framework in Frameworks */,
				2C39D19A0E0A75D400867C99 /* dc1394.framework in Frameworks */,
				2C82E5830E250556002B2C24 /* Carbon.framework in Frameworks */,
			);
			runOnlyForDeploymentPostprocessing = 0;
		};
		2C5286CF0E0D120600F68F4F /* Frameworks */ = {
			isa = PBXFrameworksBuildPhase;
			buildActionMask = 2147483647;
			files = (
				2C5287970E0D122B00F68F4F /* OpenCV.framework in Frameworks */,
				2C5287980E0D122B00F68F4F /* dc1394.framework in Frameworks */,
				2C82E5820E250555002B2C24 /* Carbon.framework in Frameworks */,
			);
			runOnlyForDeploymentPostprocessing = 0;
		};
		2C528C4C0E0DAC3C00F68F4F /* Frameworks */ = {
			isa = PBXFrameworksBuildPhase;
			buildActionMask = 2147483647;
			files = (
				2C528C550E0DAC5700F68F4F /* OpenCV.framework in Frameworks */,
				2C528C560E0DAC5700F68F4F /* dc1394.framework in Frameworks */,
				2C82E5810E250555002B2C24 /* Carbon.framework in Frameworks */,
			);
			runOnlyForDeploymentPostprocessing = 0;
		};
		2CA9DA131095F82A00F64E39 /* Frameworks */ = {
			isa = PBXFrameworksBuildPhase;
			buildActionMask = 2147483647;
			files = (
				2CA9DA141095F82A00F64E39 /* OpenCV.framework in Frameworks */,
				2CA9DA161095F82A00F64E39 /* Carbon.framework in Frameworks */,
			);
			runOnlyForDeploymentPostprocessing = 0;
		};
		2CD9609F1095BD6C00D42F64 /* Frameworks */ = {
			isa = PBXFrameworksBuildPhase;
			buildActionMask = 2147483647;
			files = (
				2CD960A01095BD6C00D42F64 /* OpenCV.framework in Frameworks */,
				2CD960A21095BD6C00D42F64 /* Carbon.framework in Frameworks */,
			);
			runOnlyForDeploymentPostprocessing = 0;
		};
/* End PBXFrameworksBuildPhase section */

/* Begin PBXGroup section */
		195DF8CFFE9D517E11CA2CBB /* Products */ = {
			isa = PBXGroup;
			children = (
				2C39D0750E0A75B400867C99 /* TestVisionStereo.app */,
				2C5286D10E0D120600F68F4F /* TestVisionMono.app */,
				2C528C4E0E0DAC3C00F68F4F /* TestGaussStatBgModel.app */,
				2C1007610E2392CB00A7472A /* libFieldVision.dylib */,
				2CD960A91095BD6C00D42F64 /* TestOpenCVCapture.app */,
				2CA9DA1D1095F82A00F64E39 /* TestOpenCVCaptureBasic.app */,
			);
			name = Products;
			sourceTree = "<group>";
		};
		20286C29FDCF999611CA2CEA /* vision2 */ = {
			isa = PBXGroup;
			children = (
				20286C2AFDCF999611CA2CEA /* src */,
				20286C2CFDCF999611CA2CEA /* Resources */,
				20286C32FDCF999611CA2CEA /* External Frameworks and Libraries */,
				195DF8CFFE9D517E11CA2CBB /* Products */,
			);
			comments = "to build the project all depending libraries must be available for the selected platforms\ni.e. 32/64 bit intel universal version of the opencv library (which is not available yet)";
			name = vision2;
			sourceTree = "<group>";
		};
		20286C2AFDCF999611CA2CEA /* src */ = {
			isa = PBXGroup;
			children = (
				2C39D1C10E0A774700867C99 /* constants.h */,
				32DBCF6D0370B57F00C91783 /* header.pch */,
				2C70582F0E09645E009094FB /* camera */,
				2C70582D0E0963EC009094FB /* vision */,
				2C7058920E096500009094FB /* test */,
				2C1007510E23921800A7472A /* jni */,
			);
			path = src;
			sourceTree = "<group>";
		};
		20286C2CFDCF999611CA2CEA /* Resources */ = {
			isa = PBXGroup;
			children = (
				8D0C4E960486CD37000505A6 /* Info.plist */,
				0867D6AAFE840B52C02AAC07 /* InfoPlist.strings */,
			);
			name = Resources;
			sourceTree = "<group>";
		};
		20286C32FDCF999611CA2CEA /* External Frameworks and Libraries */ = {
			isa = PBXGroup;
			children = (
				2C1007AF0E23951200A7472A /* JavaVM.framework */,
				2C1007B10E23952700A7472A /* Carbon.framework */,
				2C7058340E0964C2009094FB /* OpenCV.framework */,
				2C7058350E0964C2009094FB /* dc1394.framework */,
			);
			name = "External Frameworks and Libraries";
			sourceTree = "<group>";
		};
		2C1007510E23921800A7472A /* jni */ = {
			isa = PBXGroup;
			children = (
				2C10075C0E2392B800A7472A /* mw_lib_vision_Vision.h */,
				2C1007740E23933600A7472A /* VisionJNI.h */,
				2C1007750E23933600A7472A /* VisionJNI.cpp */,
			);
			name = jni;
			sourceTree = "<group>";
		};
		2C39D0550E0A723500867C99 /* implementations */ = {
			isa = PBXGroup;
			children = (
				2C39D0560E0A724F00867C99 /* PTGreyBumblebee2.h */,
				2C39D0570E0A724F00867C99 /* PTGreyBumblebee2.cpp */,
				2CD960911095BD5E00D42F64 /* OpenCVCamera.h */,
				2CD960921095BD5E00D42F64 /* OpenCVCamera.cpp */,
			);
			path = implementations;
			sourceTree = "<group>";
		};
		2C5285790E0C258F00F68F4F /* processors */ = {
			isa = PBXGroup;
			children = (
				2CFE58EA0E2220FD00DBD37B /* Blob.h */,
				2CFE58E90E2220FD00DBD37B /* Blob.cpp */,
				2C52857A0E0C25B500F68F4F /* CVBlobDetector.h */,
				2C52857B0E0C25B500F68F4F /* CVBlobDetector.cpp */,
				2C39D35F0E0A925C00867C99 /* CVStereoBlobDetector.h */,
				2C39D3600E0A925C00867C99 /* CVStereoBlobDetector.cpp */,
			);
			path = processors;
			sourceTree = "<group>";
		};
		2C70582D0E0963EC009094FB /* vision */ = {
			isa = PBXGroup;
			children = (
				2C5285790E0C258F00F68F4F /* processors */,
				2C5285780E0C258A00F68F4F /* CVFrameProcessor.h */,
				2C5285840E0D03F300F68F4F /* CVFrameProcessor.cpp */,
				2C82E00A0E23F591002B2C24 /* CVImageCache.h */,
				2C82E00B0E23F591002B2C24 /* CVImageCache.cpp */,
				2C39D01D0E0A663A00867C99 /* FieldVision.h */,
				2C39D01E0E0A663A00867C99 /* FieldVision.cpp */,
				2C5287D80E0D372400F68F4F /* Slider.h */,
			);
			path = vision;
			sourceTree = "<group>";
		};
		2C70582F0E09645E009094FB /* camera */ = {
			isa = PBXGroup;
			children = (
				2C39D0550E0A723500867C99 /* implementations */,
				2C39D0230E0A67CB00867C99 /* Camera.h */,
				2C39D0240E0A67CB00867C99 /* Camera.cpp */,
			);
			path = camera;
			sourceTree = "<group>";
		};
		2C7058920E096500009094FB /* test */ = {
			isa = PBXGroup;
			children = (
				2C5286CA0E0D11F000F68F4F /* TestVisionMono.cpp */,
				2C39D0700E0A759C00867C99 /* TestVisionStereo.cpp */,
				2C528C5B0E0DAC7C00F68F4F /* TestGaussStatBgModel.cpp */,
				2CD960901095BD3400D42F64 /* TestOpenCVCapture.cpp */,
				2CA9DA241095F84200F64E39 /* TestOpenCVCamera.cpp */,
			);
			path = test;
			sourceTree = "<group>";
		};
/* End PBXGroup section */

/* Begin PBXHeadersBuildPhase section */
		2C10075D0E2392CB00A7472A /* Headers */ = {
			isa = PBXHeadersBuildPhase;
			buildActionMask = 2147483647;
			files = (
				2C82E00C0E23F591002B2C24 /* CVImageCache.h in Headers */,
			);
			runOnlyForDeploymentPostprocessing = 0;
		};
/* End PBXHeadersBuildPhase section */

/* Begin PBXNativeTarget section */
		2C1007600E2392CB00A7472A /* FieldVision */ = {
			isa = PBXNativeTarget;
			buildConfigurationList = 2C1007730E2392FC00A7472A /* Build configuration list for PBXNativeTarget "FieldVision" */;
			buildPhases = (
				2C10075D0E2392CB00A7472A /* Headers */,
				2C10075E0E2392CB00A7472A /* Sources */,
				2C10075F0E2392CB00A7472A /* Frameworks */,
			);
			buildRules = (
			);
			dependencies = (
			);
			name = FieldVision;
			productName = Vision2;
			productReference = 2C1007610E2392CB00A7472A /* libFieldVision.dylib */;
			productType = "com.apple.product-type.library.dynamic";
		};
		2C39D0740E0A75B400867C99 /* TestVisionStereo */ = {
			isa = PBXNativeTarget;
			buildConfigurationList = 2C39D07A0E0A75B500867C99 /* Build configuration list for PBXNativeTarget "TestVisionStereo" */;
			buildPhases = (
				2C39D0710E0A75B400867C99 /* Resources */,
				2C39D0720E0A75B400867C99 /* Sources */,
				2C39D0730E0A75B400867C99 /* Frameworks */,
				2C5285760E0C164900F68F4F /* Copy Frameworks */,
			);
			buildRules = (
			);
			dependencies = (
			);
			name = TestVisionStereo;
			productName = TestVisionStereo;
			productReference = 2C39D0750E0A75B400867C99 /* TestVisionStereo.app */;
			productType = "com.apple.product-type.application";
		};
		2C5286D00E0D120600F68F4F /* TestVisionMono */ = {
			isa = PBXNativeTarget;
			buildConfigurationList = 2C5286D60E0D120700F68F4F /* Build configuration list for PBXNativeTarget "TestVisionMono" */;
			buildPhases = (
				2C5286CD0E0D120600F68F4F /* Resources */,
				2C5286CE0E0D120600F68F4F /* Sources */,
				2C5286CF0E0D120600F68F4F /* Frameworks */,
				2C5287AA0E0D12A800F68F4F /* Copy Frameworks */,
			);
			buildRules = (
			);
			dependencies = (
			);
			name = TestVisionMono;
			productName = TestVisionMono;
			productReference = 2C5286D10E0D120600F68F4F /* TestVisionMono.app */;
			productType = "com.apple.product-type.application";
		};
		2C528C4D0E0DAC3C00F68F4F /* TestGaussStatBgModel */ = {
			isa = PBXNativeTarget;
			buildConfigurationList = 2C528C530E0DAC3D00F68F4F /* Build configuration list for PBXNativeTarget "TestGaussStatBgModel" */;
			buildPhases = (
				2C528C4A0E0DAC3C00F68F4F /* Resources */,
				2C528C4B0E0DAC3C00F68F4F /* Sources */,
				2C528C4C0E0DAC3C00F68F4F /* Frameworks */,
				2C528C5D0E0DAC7C00F68F4F /* Copy Frameworks */,
			);
			buildRules = (
			);
			dependencies = (
			);
			name = TestGaussStatBgModel;
			productName = TestGaussStatBgModel;
			productReference = 2C528C4E0E0DAC3C00F68F4F /* TestGaussStatBgModel.app */;
			productType = "com.apple.product-type.application";
		};
		2CA9DA071095F82A00F64E39 /* TestOpenCVCamera */ = {
			isa = PBXNativeTarget;
			buildConfigurationList = 2CA9DA1A1095F82A00F64E39 /* Build configuration list for PBXNativeTarget "TestOpenCVCamera" */;
			buildPhases = (
				2CA9DA081095F82A00F64E39 /* Resources */,
				2CA9DA091095F82A00F64E39 /* Sources */,
				2CA9DA131095F82A00F64E39 /* Frameworks */,
				2CA9DA171095F82A00F64E39 /* Copy Frameworks */,
			);
			buildRules = (
			);
			dependencies = (
			);
			name = TestOpenCVCamera;
			productName = TestVisionMono;
			productReference = 2CA9DA1D1095F82A00F64E39 /* TestOpenCVCaptureBasic.app */;
			productType = "com.apple.product-type.application";
		};
		2CD960931095BD6C00D42F64 /* TestOpenCVCapture */ = {
			isa = PBXNativeTarget;
			buildConfigurationList = 2CD960A61095BD6C00D42F64 /* Build configuration list for PBXNativeTarget "TestOpenCVCapture" */;
			buildPhases = (
				2CD960941095BD6C00D42F64 /* Resources */,
				2CD960951095BD6C00D42F64 /* Sources */,
				2CD9609F1095BD6C00D42F64 /* Frameworks */,
				2CD960A31095BD6C00D42F64 /* Copy Frameworks */,
			);
			buildRules = (
			);
			dependencies = (
			);
			name = TestOpenCVCapture;
			productName = TestVisionMono;
			productReference = 2CD960A91095BD6C00D42F64 /* TestOpenCVCapture.app */;
			productType = "com.apple.product-type.application";
		};
/* End PBXNativeTarget section */

/* Begin PBXProject section */
		20286C28FDCF999611CA2CEA /* Project object */ = {
			isa = PBXProject;
			buildConfigurationList = C0E91AC908A95435008D54AB /* Build configuration list for PBXProject "FieldVision" */;
			compatibilityVersion = "Xcode 3.1";
			hasScannedForEncodings = 1;
			mainGroup = 20286C29FDCF999611CA2CEA /* vision2 */;
			projectDirPath = "";
			projectRoot = "";
			targets = (
				2CC997AE1096FB470008F21D /* All */,
				2C1007600E2392CB00A7472A /* FieldVision */,
				2C39D0740E0A75B400867C99 /* TestVisionStereo */,
				2C5286D00E0D120600F68F4F /* TestVisionMono */,
				2C528C4D0E0DAC3C00F68F4F /* TestGaussStatBgModel */,
				2CD960931095BD6C00D42F64 /* TestOpenCVCapture */,
				2CA9DA071095F82A00F64E39 /* TestOpenCVCamera */,
			);
		};
/* End PBXProject section */

/* Begin PBXResourcesBuildPhase section */
		2C39D0710E0A75B400867C99 /* Resources */ = {
			isa = PBXResourcesBuildPhase;
			buildActionMask = 2147483647;
			files = (
			);
			runOnlyForDeploymentPostprocessing = 0;
		};
		2C5286CD0E0D120600F68F4F /* Resources */ = {
			isa = PBXResourcesBuildPhase;
			buildActionMask = 2147483647;
			files = (
			);
			runOnlyForDeploymentPostprocessing = 0;
		};
		2C528C4A0E0DAC3C00F68F4F /* Resources */ = {
			isa = PBXResourcesBuildPhase;
			buildActionMask = 2147483647;
			files = (
			);
			runOnlyForDeploymentPostprocessing = 0;
		};
		2CA9DA081095F82A00F64E39 /* Resources */ = {
			isa = PBXResourcesBuildPhase;
			buildActionMask = 2147483647;
			files = (
			);
			runOnlyForDeploymentPostprocessing = 0;
		};
		2CD960941095BD6C00D42F64 /* Resources */ = {
			isa = PBXResourcesBuildPhase;
			buildActionMask = 2147483647;
			files = (
			);
			runOnlyForDeploymentPostprocessing = 0;
		};
/* End PBXResourcesBuildPhase section */

/* Begin PBXSourcesBuildPhase section */
		2C10075E0E2392CB00A7472A /* Sources */ = {
			isa = PBXSourcesBuildPhase;
			buildActionMask = 2147483647;
			files = (
				2C1007770E23933600A7472A /* VisionJNI.cpp in Sources */,
				2C1007CE0E23999300A7472A /* FieldVision.cpp in Sources */,
				2C1007CF0E23999300A7472A /* Camera.cpp in Sources */,
				2C1007D00E23999300A7472A /* PTGreyBumblebee2.cpp in Sources */,
				2C1007D10E23999300A7472A /* CVStereoBlobDetector.cpp in Sources */,
				2C1007D20E23999300A7472A /* CVBlobDetector.cpp in Sources */,
				2C1007D30E23999300A7472A /* CVFrameProcessor.cpp in Sources */,
				2C1007D40E23999300A7472A /* Blob.cpp in Sources */,
				2C82E00D0E23F591002B2C24 /* CVImageCache.cpp in Sources */,
			);
			runOnlyForDeploymentPostprocessing = 0;
		};
		2C39D0720E0A75B400867C99 /* Sources */ = {
			isa = PBXSourcesBuildPhase;
			buildActionMask = 2147483647;
			files = (
				2C39D19C0E0A75DA00867C99 /* TestVisionStereo.cpp in Sources */,
				2C39D20E0E0A78F800867C99 /* FieldVision.cpp in Sources */,
				2C39D2100E0A78FD00867C99 /* Camera.cpp in Sources */,
				2C39D20F0E0A78FD00867C99 /* PTGreyBumblebee2.cpp in Sources */,
				2C39D3610E0A925C00867C99 /* CVStereoBlobDetector.cpp in Sources */,
				2C52857C0E0C25B500F68F4F /* CVBlobDetector.cpp in Sources */,
				2C5285850E0D03F300F68F4F /* CVFrameProcessor.cpp in Sources */,
				2CFE58EE0E2220FD00DBD37B /* Blob.cpp in Sources */,
				2C82E0100E23F591002B2C24 /* CVImageCache.cpp in Sources */,
			);
			runOnlyForDeploymentPostprocessing = 0;
		};
		2C5286CE0E0D120600F68F4F /* Sources */ = {
			isa = PBXSourcesBuildPhase;
			buildActionMask = 2147483647;
			files = (
				2C5286D70E0D120E00F68F4F /* TestVisionMono.cpp in Sources */,
				2C52879D0E0D124500F68F4F /* FieldVision.cpp in Sources */,
				2C52879E0E0D124500F68F4F /* Camera.cpp in Sources */,
				2C52879F0E0D124500F68F4F /* PTGreyBumblebee2.cpp in Sources */,
				2C5287A00E0D124500F68F4F /* CVStereoBlobDetector.cpp in Sources */,
				2C5287A20E0D124500F68F4F /* CVBlobDetector.cpp in Sources */,
				2C5287A30E0D124500F68F4F /* CVFrameProcessor.cpp in Sources */,
				2CFE58EC0E2220FD00DBD37B /* Blob.cpp in Sources */,
				2C82E00F0E23F591002B2C24 /* CVImageCache.cpp in Sources */,
			);
			runOnlyForDeploymentPostprocessing = 0;
		};
		2C528C4B0E0DAC3C00F68F4F /* Sources */ = {
			isa = PBXSourcesBuildPhase;
			buildActionMask = 2147483647;
			files = (
				2C528C5C0E0DAC7C00F68F4F /* TestGaussStatBgModel.cpp in Sources */,
				2CFE58EB0E2220FD00DBD37B /* Blob.cpp in Sources */,
				2C82E00E0E23F591002B2C24 /* CVImageCache.cpp in Sources */,
			);
			runOnlyForDeploymentPostprocessing = 0;
		};
		2CA9DA091095F82A00F64E39 /* Sources */ = {
			isa = PBXSourcesBuildPhase;
			buildActionMask = 2147483647;
			files = (
				2CA9DA0A1095F82A00F64E39 /* OpenCVCamera.cpp in Sources */,
				2CA9DA0C1095F82A00F64E39 /* FieldVision.cpp in Sources */,
				2CA9DA0D1095F82A00F64E39 /* Camera.cpp in Sources */,
				2CA9DA0E1095F82A00F64E39 /* CVStereoBlobDetector.cpp in Sources */,
				2CA9DA0F1095F82A00F64E39 /* CVBlobDetector.cpp in Sources */,
				2CA9DA101095F82A00F64E39 /* CVFrameProcessor.cpp in Sources */,
				2CA9DA111095F82A00F64E39 /* Blob.cpp in Sources */,
				2CA9DA121095F82A00F64E39 /* CVImageCache.cpp in Sources */,
				2CA9DA251095F84200F64E39 /* TestOpenCVCamera.cpp in Sources */,
			);
			runOnlyForDeploymentPostprocessing = 0;
		};
		2CD960951095BD6C00D42F64 /* Sources */ = {
			isa = PBXSourcesBuildPhase;
			buildActionMask = 2147483647;
			files = (
				2CD960AD1095BD8900D42F64 /* OpenCVCamera.cpp in Sources */,
				2CD960AC1095BD8000D42F64 /* TestOpenCVCapture.cpp in Sources */,
				2CD960971095BD6C00D42F64 /* FieldVision.cpp in Sources */,
				2CD960981095BD6C00D42F64 /* Camera.cpp in Sources */,
				2CD9609A1095BD6C00D42F64 /* CVStereoBlobDetector.cpp in Sources */,
				2CD9609B1095BD6C00D42F64 /* CVBlobDetector.cpp in Sources */,
				2CD9609C1095BD6C00D42F64 /* CVFrameProcessor.cpp in Sources */,
				2CD9609D1095BD6C00D42F64 /* Blob.cpp in Sources */,
				2CD9609E1095BD6C00D42F64 /* CVImageCache.cpp in Sources */,
			);
			runOnlyForDeploymentPostprocessing = 0;
		};
/* End PBXSourcesBuildPhase section */

/* Begin PBXTargetDependency section */
		2CC997B21096FB520008F21D /* PBXTargetDependency */ = {
			isa = PBXTargetDependency;
			target = 2CA9DA071095F82A00F64E39 /* TestOpenCVCamera */;
			targetProxy = 2CC997B11096FB520008F21D /* PBXContainerItemProxy */;
		};
		2CC997B41096FB520008F21D /* PBXTargetDependency */ = {
			isa = PBXTargetDependency;
			target = 2CD960931095BD6C00D42F64 /* TestOpenCVCapture */;
			targetProxy = 2CC997B31096FB520008F21D /* PBXContainerItemProxy */;
		};
		2CC997B61096FB520008F21D /* PBXTargetDependency */ = {
			isa = PBXTargetDependency;
			target = 2C528C4D0E0DAC3C00F68F4F /* TestGaussStatBgModel */;
			targetProxy = 2CC997B51096FB520008F21D /* PBXContainerItemProxy */;
		};
		2CC997B81096FB520008F21D /* PBXTargetDependency */ = {
			isa = PBXTargetDependency;
			target = 2C5286D00E0D120600F68F4F /* TestVisionMono */;
			targetProxy = 2CC997B71096FB520008F21D /* PBXContainerItemProxy */;
		};
		2CC997BA1096FB520008F21D /* PBXTargetDependency */ = {
			isa = PBXTargetDependency;
			target = 2C39D0740E0A75B400867C99 /* TestVisionStereo */;
			targetProxy = 2CC997B91096FB520008F21D /* PBXContainerItemProxy */;
		};
		2CC997BC1096FB520008F21D /* PBXTargetDependency */ = {
			isa = PBXTargetDependency;
			target = 2C1007600E2392CB00A7472A /* FieldVision */;
			targetProxy = 2CC997BB1096FB520008F21D /* PBXContainerItemProxy */;
		};
/* End PBXTargetDependency section */

/* Begin PBXVariantGroup section */
		0867D6AAFE840B52C02AAC07 /* InfoPlist.strings */ = {
			isa = PBXVariantGroup;
			children = (
				0867D6ABFE840B52C02AAC07 /* English */,
			);
			name = InfoPlist.strings;
			sourceTree = "<group>";
		};
/* End PBXVariantGroup section */

/* Begin XCBuildConfiguration section */
		2C1007620E2392CC00A7472A /* Debug */ = {
			isa = XCBuildConfiguration;
			buildSettings = {
				ALWAYS_SEARCH_USER_PATHS = NO;
				COPY_PHASE_STRIP = NO;
				EXECUTABLE_PREFIX = lib;
				FRAMEWORK_SEARCH_PATHS = (
					"$(inherited)",
					"\"$(SRCROOT)/../../../../../../../Library/Frameworks\"",
				);
				GCC_DYNAMIC_NO_PIC = NO;
				GCC_ENABLE_FIX_AND_CONTINUE = YES;
				GCC_MODEL_TUNING = G5;
				GCC_OPTIMIZATION_LEVEL = 0;
				INSTALL_PATH = /usr/local/lib;
				PREBINDING = NO;
				PRODUCT_NAME = FieldVision;
			};
			name = Debug;
		};
		2C1007630E2392CC00A7472A /* Release */ = {
			isa = XCBuildConfiguration;
			buildSettings = {
				COPY_PHASE_STRIP = YES;
				DEBUG_INFORMATION_FORMAT = "dwarf-with-dsym";
				EXECUTABLE_EXTENSION = jnilib;
				EXECUTABLE_PREFIX = lib;
				GCC_ENABLE_FIX_AND_CONTINUE = NO;
				GCC_MODEL_TUNING = G5;
				INSTALL_PATH = /usr/local/lib;
				PREBINDING = NO;
				PRODUCT_NAME = FieldVision;
				ZERO_LINK = NO;
			};
			name = Release;
		};
		2C39D0780E0A75B500867C99 /* Debug */ = {
			isa = XCBuildConfiguration;
			buildSettings = {
				COPY_PHASE_STRIP = NO;
				INSTALL_PATH = "$(HOME)/Applications";
				PREBINDING = NO;
				PRODUCT_NAME = TestVisionStereo;
			};
			name = Debug;
		};
		2C39D0790E0A75B500867C99 /* Release */ = {
			isa = XCBuildConfiguration;
			buildSettings = {
				COPY_PHASE_STRIP = YES;
				DEBUG_INFORMATION_FORMAT = "dwarf-with-dsym";
				INSTALL_PATH = "$(HOME)/Applications";
				PREBINDING = NO;
				PRODUCT_NAME = TestVisionStereo;
				ZERO_LINK = NO;
			};
			name = Release;
		};
		2C5286D40E0D120700F68F4F /* Debug */ = {
			isa = XCBuildConfiguration;
			buildSettings = {
				ALWAYS_SEARCH_USER_PATHS = NO;
				COPY_PHASE_STRIP = NO;
				FRAMEWORK_SEARCH_PATHS = (
					"$(inherited)",
					"\"$(SRCROOT)/../../../../../../../Library/Frameworks\"",
				);
				GCC_DYNAMIC_NO_PIC = NO;
				GCC_ENABLE_FIX_AND_CONTINUE = YES;
				GCC_MODEL_TUNING = G5;
				GCC_OPTIMIZATION_LEVEL = 0;
				INFOPLIST_FILE = Info.plist;
				INSTALL_PATH = "$(HOME)/Applications";
				OTHER_LDFLAGS = (
					"-framework",
					Carbon,
				);
				PREBINDING = NO;
				PRODUCT_NAME = TestVisionMono;
			};
			name = Debug;
		};
		2C5286D50E0D120700F68F4F /* Release */ = {
			isa = XCBuildConfiguration;
			buildSettings = {
				ALWAYS_SEARCH_USER_PATHS = NO;
				COPY_PHASE_STRIP = YES;
				DEBUG_INFORMATION_FORMAT = "dwarf-with-dsym";
				FRAMEWORK_SEARCH_PATHS = (
					"$(inherited)",
					"\"$(SRCROOT)/../../../../../../../Library/Frameworks\"",
				);
				GCC_ENABLE_FIX_AND_CONTINUE = NO;
				INSTALL_PATH = "$(HOME)/Applications";
				OTHER_LDFLAGS = (
					"-framework",
					Carbon,
				);
				PREBINDING = NO;
				PRODUCT_NAME = TestVisionMono;
				ZERO_LINK = NO;
			};
			name = Release;
		};
		2C528C510E0DAC3C00F68F4F /* Debug */ = {
			isa = XCBuildConfiguration;
			buildSettings = {
				ALWAYS_SEARCH_USER_PATHS = NO;
				COPY_PHASE_STRIP = NO;
				FRAMEWORK_SEARCH_PATHS = (
					"$(inherited)",
					"\"$(SRCROOT)/../../../../../../../Library/Frameworks\"",
				);
				GCC_DYNAMIC_NO_PIC = NO;
				GCC_ENABLE_FIX_AND_CONTINUE = YES;
				GCC_MODEL_TUNING = G5;
				GCC_OPTIMIZATION_LEVEL = 0;
				GCC_PRECOMPILE_PREFIX_HEADER = YES;
				GCC_PREFIX_HEADER = "$(SYSTEM_LIBRARY_DIR)/Frameworks/Carbon.framework/Headers/Carbon.h";
				INFOPLIST_FILE = Info.plist;
				INSTALL_PATH = "$(HOME)/Applications";
				OTHER_LDFLAGS = (
					"-framework",
					Carbon,
				);
				PREBINDING = NO;
				PRODUCT_NAME = TestGaussStatBgModel;
			};
			name = Debug;
		};
		2C528C520E0DAC3C00F68F4F /* Release */ = {
			isa = XCBuildConfiguration;
			buildSettings = {
				ALWAYS_SEARCH_USER_PATHS = NO;
				COPY_PHASE_STRIP = YES;
				DEBUG_INFORMATION_FORMAT = "dwarf-with-dsym";
				FRAMEWORK_SEARCH_PATHS = (
					"$(inherited)",
					"\"$(SRCROOT)/../../../../../../../Library/Frameworks\"",
				);
				GCC_ENABLE_FIX_AND_CONTINUE = NO;
				GCC_MODEL_TUNING = G5;
				GCC_PRECOMPILE_PREFIX_HEADER = YES;
				GCC_PREFIX_HEADER = "$(SYSTEM_LIBRARY_DIR)/Frameworks/Carbon.framework/Headers/Carbon.h";
				INFOPLIST_FILE = "TestGaussStatBgModel-Info.plist";
				INSTALL_PATH = "$(HOME)/Applications";
				OTHER_LDFLAGS = (
					"-framework",
					Carbon,
				);
				PREBINDING = NO;
				PRODUCT_NAME = TestGaussStatBgModel;
				ZERO_LINK = NO;
			};
			name = Release;
		};
		2CA9DA1B1095F82A00F64E39 /* Debug */ = {
			isa = XCBuildConfiguration;
			buildSettings = {
				ALWAYS_SEARCH_USER_PATHS = NO;
				COPY_PHASE_STRIP = NO;
				FRAMEWORK_SEARCH_PATHS = (
					"$(inherited)",
					"\\\\\\\"$(SRCROOT)/../../../../../../../Library/Frameworks\\\\\\\"",
				);
				GCC_DYNAMIC_NO_PIC = NO;
				GCC_ENABLE_FIX_AND_CONTINUE = YES;
				GCC_MODEL_TUNING = G5;
				GCC_OPTIMIZATION_LEVEL = 0;
				INFOPLIST_FILE = Info.plist;
				INSTALL_PATH = "$(HOME)/Applications";
				OTHER_LDFLAGS = (
					"-framework",
					Carbon,
				);
				PREBINDING = NO;
				PRODUCT_NAME = TestOpenCVCaptureBasic;
			};
			name = Debug;
		};
		2CA9DA1C1095F82A00F64E39 /* Release */ = {
			isa = XCBuildConfiguration;
			buildSettings = {
				ALWAYS_SEARCH_USER_PATHS = NO;
				COPY_PHASE_STRIP = YES;
				DEBUG_INFORMATION_FORMAT = "dwarf-with-dsym";
				FRAMEWORK_SEARCH_PATHS = (
					"$(inherited)",
					"\\\\\\\"$(SRCROOT)/../../../../../../../Library/Frameworks\\\\\\\"",
				);
				GCC_ENABLE_FIX_AND_CONTINUE = NO;
				INFOPLIST_FILE = "Info copy 2.plist";
				INSTALL_PATH = "$(HOME)/Applications";
				OTHER_LDFLAGS = (
					"-framework",
					Carbon,
				);
				PREBINDING = NO;
				PRODUCT_NAME = TestCanopusADVC;
				ZERO_LINK = NO;
			};
			name = Release;
		};
		2CC997AF1096FB470008F21D /* Debug */ = {
			isa = XCBuildConfiguration;
			buildSettings = {
				COPY_PHASE_STRIP = NO;
				GCC_DYNAMIC_NO_PIC = NO;
				GCC_OPTIMIZATION_LEVEL = 0;
				PRODUCT_NAME = All;
			};
			name = Debug;
		};
		2CC997B01096FB470008F21D /* Release */ = {
			isa = XCBuildConfiguration;
			buildSettings = {
				COPY_PHASE_STRIP = YES;
				DEBUG_INFORMATION_FORMAT = "dwarf-with-dsym";
				GCC_ENABLE_FIX_AND_CONTINUE = NO;
				PRODUCT_NAME = All;
				ZERO_LINK = NO;
			};
			name = Release;
		};
		2CD960A71095BD6C00D42F64 /* Debug */ = {
			isa = XCBuildConfiguration;
			buildSettings = {
				ALWAYS_SEARCH_USER_PATHS = NO;
				COPY_PHASE_STRIP = NO;
				FRAMEWORK_SEARCH_PATHS = (
					"$(inherited)",
					"\\\"$(SRCROOT)/../../../../../../../Library/Frameworks\\\"",
				);
				GCC_DYNAMIC_NO_PIC = NO;
				GCC_ENABLE_FIX_AND_CONTINUE = YES;
				GCC_MODEL_TUNING = G5;
				GCC_OPTIMIZATION_LEVEL = 0;
				INFOPLIST_FILE = Info.plist;
				INSTALL_PATH = "$(HOME)/Applications";
				OTHER_LDFLAGS = (
					"-framework",
					Carbon,
				);
				PREBINDING = NO;
				PRODUCT_NAME = TestOpenCVCapture;
			};
			name = Debug;
		};
		2CD960A81095BD6C00D42F64 /* Release */ = {
			isa = XCBuildConfiguration;
			buildSettings = {
				ALWAYS_SEARCH_USER_PATHS = NO;
				COPY_PHASE_STRIP = YES;
				DEBUG_INFORMATION_FORMAT = "dwarf-with-dsym";
				FRAMEWORK_SEARCH_PATHS = (
					"$(inherited)",
					"\\\"$(SRCROOT)/../../../../../../../Library/Frameworks\\\"",
				);
				GCC_ENABLE_FIX_AND_CONTINUE = NO;
				INFOPLIST_FILE = "Info copy.plist";
				INSTALL_PATH = "$(HOME)/Applications";
				OTHER_LDFLAGS = (
					"-framework",
					Carbon,
				);
				PREBINDING = NO;
				PRODUCT_NAME = TestCanopusADVC;
				ZERO_LINK = NO;
			};
			name = Release;
		};
		C0E91ACA08A95435008D54AB /* Debug */ = {
			isa = XCBuildConfiguration;
			buildSettings = {
				FRAMEWORK_SEARCH_PATHS = "~/Library/Frameworks";
				GCC_C_LANGUAGE_STANDARD = c99;
				GCC_INCREASE_PRECOMPILED_HEADER_SHARING = YES;
				GCC_OPTIMIZATION_LEVEL = 0;
				GCC_PRECOMPILE_PREFIX_HEADER = YES;
				GCC_PREFIX_HEADER = src/header.pch;
				GCC_WARN_ABOUT_RETURN_TYPE = YES;
				GCC_WARN_UNUSED_VARIABLE = YES;
				HEADER_SEARCH_PATHS = /System/Library/Frameworks/JavaVM.framework/Headers;
				INFOPLIST_FILE = Info.plist;
				INFOPLIST_PREPROCESS = YES;
				ONLY_ACTIVE_ARCH = YES;
				OTHER_LDFLAGS = (
					"-framework",
					Carbon,
				);
				PREBINDING = NO;
				VALID_ARCHS = "x86_64 i386";
			};
			name = Debug;
		};
		C0E91ACB08A95435008D54AB /* Release */ = {
			isa = XCBuildConfiguration;
			buildSettings = {
				ALWAYS_SEARCH_USER_PATHS = NO;
				FRAMEWORK_SEARCH_PATHS = "~/Library/Frameworks";
				GCC_AUTO_VECTORIZATION = YES;
				GCC_C_LANGUAGE_STANDARD = c99;
				GCC_ENABLE_SSE3_EXTENSIONS = YES;
				GCC_ENABLE_SUPPLEMENTAL_SSE3_INSTRUCTIONS = YES;
				GCC_GENERATE_DEBUGGING_SYMBOLS = NO;
				GCC_INCREASE_PRECOMPILED_HEADER_SHARING = YES;
				GCC_MODEL_TUNING = G5;
				GCC_OPTIMIZATION_LEVEL = 3;
				GCC_PRECOMPILE_PREFIX_HEADER = YES;
				GCC_PREFIX_HEADER = src/header.pch;
				GCC_WARN_ABOUT_RETURN_TYPE = YES;
				GCC_WARN_UNUSED_VARIABLE = YES;
				HEADER_SEARCH_PATHS = /System/Library/Frameworks/JavaVM.framework/Headers;
				INFOPLIST_FILE = Info.plist;
				INFOPLIST_PREPROCESS = YES;
				ONLY_ACTIVE_ARCH = NO;
				OTHER_LDFLAGS = (
					"-framework",
					Carbon,
				);
				VALID_ARCHS = "x86_64 i386";
			};
			name = Release;
		};
/* End XCBuildConfiguration section */

/* Begin XCConfigurationList section */
		2C1007730E2392FC00A7472A /* Build configuration list for PBXNativeTarget "FieldVision" */ = {
			isa = XCConfigurationList;
			buildConfigurations = (
				2C1007620E2392CC00A7472A /* Debug */,
				2C1007630E2392CC00A7472A /* Release */,
			);
			defaultConfigurationIsVisible = 0;
			defaultConfigurationName = Release;
		};
		2C39D07A0E0A75B500867C99 /* Build configuration list for PBXNativeTarget "TestVisionStereo" */ = {
			isa = XCConfigurationList;
			buildConfigurations = (
				2C39D0780E0A75B500867C99 /* Debug */,
				2C39D0790E0A75B500867C99 /* Release */,
			);
			defaultConfigurationIsVisible = 0;
			defaultConfigurationName = Release;
		};
		2C5286D60E0D120700F68F4F /* Build configuration list for PBXNativeTarget "TestVisionMono" */ = {
			isa = XCConfigurationList;
			buildConfigurations = (
				2C5286D40E0D120700F68F4F /* Debug */,
				2C5286D50E0D120700F68F4F /* Release */,
			);
			defaultConfigurationIsVisible = 0;
			defaultConfigurationName = Release;
		};
		2C528C530E0DAC3D00F68F4F /* Build configuration list for PBXNativeTarget "TestGaussStatBgModel" */ = {
			isa = XCConfigurationList;
			buildConfigurations = (
				2C528C510E0DAC3C00F68F4F /* Debug */,
				2C528C520E0DAC3C00F68F4F /* Release */,
			);
			defaultConfigurationIsVisible = 0;
			defaultConfigurationName = Release;
		};
		2CA9DA1A1095F82A00F64E39 /* Build configuration list for PBXNativeTarget "TestOpenCVCamera" */ = {
			isa = XCConfigurationList;
			buildConfigurations = (
				2CA9DA1B1095F82A00F64E39 /* Debug */,
				2CA9DA1C1095F82A00F64E39 /* Release */,
			);
			defaultConfigurationIsVisible = 0;
			defaultConfigurationName = Release;
		};
		2CC997C21096FB660008F21D /* Build configuration list for PBXAggregateTarget "All" */ = {
			isa = XCConfigurationList;
			buildConfigurations = (
				2CC997AF1096FB470008F21D /* Debug */,
				2CC997B01096FB470008F21D /* Release */,
			);
			defaultConfigurationIsVisible = 0;
			defaultConfigurationName = Release;
		};
		2CD960A61095BD6C00D42F64 /* Build configuration list for PBXNativeTarget "TestOpenCVCapture" */ = {
			isa = XCConfigurationList;
			buildConfigurations = (
				2CD960A71095BD6C00D42F64 /* Debug */,
				2CD960A81095BD6C00D42F64 /* Release */,
			);
			defaultConfigurationIsVisible = 0;
			defaultConfigurationName = Release;
		};
		C0E91AC908A95435008D54AB /* Build configuration list for PBXProject "FieldVision" */ = {
			isa = XCConfigurationList;
			buildConfigurations = (
				C0E91ACA08A95435008D54AB /* Debug */,
				C0E91ACB08A95435008D54AB /* Release */,
			);
			defaultConfigurationIsVisible = 0;
			defaultConfigurationName = Release;
		};
/* End XCConfigurationList section */
	};
	rootObject = 20286C28FDCF999611CA2CEA /* Project object */;
}
